// !$*UTF8*$!
{
	archiveVersion = 1;
	classes = {
	};
	objectVersion = 56;
	objects = {

/* Begin PBXBuildFile section */
		2D6741E22A5358B300FFF576 /* AppDelegate.swift in Sources */ = {isa = PBXBuildFile; fileRef = 2D6741E12A5358B300FFF576 /* AppDelegate.swift */; };
		2D6741E42A5358B300FFF576 /* SceneDelegate.swift in Sources */ = {isa = PBXBuildFile; fileRef = 2D6741E32A5358B300FFF576 /* SceneDelegate.swift */; };
		2D6741E62A5358B300FFF576 /* ViewController.swift in Sources */ = {isa = PBXBuildFile; fileRef = 2D6741E52A5358B300FFF576 /* ViewController.swift */; };
		2D6741E92A5358B300FFF576 /* Main.storyboard in Resources */ = {isa = PBXBuildFile; fileRef = 2D6741E72A5358B300FFF576 /* Main.storyboard */; };
		2D6741EB2A5358B400FFF576 /* Assets.xcassets in Resources */ = {isa = PBXBuildFile; fileRef = 2D6741EA2A5358B400FFF576 /* Assets.xcassets */; };
		2D6741EE2A5358B400FFF576 /* LaunchScreen.storyboard in Resources */ = {isa = PBXBuildFile; fileRef = 2D6741EC2A5358B400FFF576 /* LaunchScreen.storyboard */; };
		2D6741F92A5358B500FFF576 /* Paradigma_ChallengeTests.swift in Sources */ = {isa = PBXBuildFile; fileRef = 2D6741F82A5358B500FFF576 /* Paradigma_ChallengeTests.swift */; };
		2D6742032A5358B500FFF576 /* Paradigma_ChallengeUITests.swift in Sources */ = {isa = PBXBuildFile; fileRef = 2D6742022A5358B500FFF576 /* Paradigma_ChallengeUITests.swift */; };
		2D6742052A5358B500FFF576 /* Paradigma_ChallengeUITestsLaunchTests.swift in Sources */ = {isa = PBXBuildFile; fileRef = 2D6742042A5358B500FFF576 /* Paradigma_ChallengeUITestsLaunchTests.swift */; };
		2D6742142A535A4200FFF576 /* CharacterListWebAPIResponse.swift in Sources */ = {isa = PBXBuildFile; fileRef = 2D6742132A535A4200FFF576 /* CharacterListWebAPIResponse.swift */; };
		2D6742162A5360C100FFF576 /* CharacterWebAPIRepository.swift in Sources */ = {isa = PBXBuildFile; fileRef = 2D6742152A5360C100FFF576 /* CharacterWebAPIRepository.swift */; };
		2D6742192A53636F00FFF576 /* CharacterWebAPIResult.swift in Sources */ = {isa = PBXBuildFile; fileRef = 2D6742182A53636F00FFF576 /* CharacterWebAPIResult.swift */; };
		2D67421B2A54500B00FFF576 /* CharacterWebAPILocation.swift in Sources */ = {isa = PBXBuildFile; fileRef = 2D67421A2A54500B00FFF576 /* CharacterWebAPILocation.swift */; };
		2D67421E2A5451E900FFF576 /* Character.swift in Sources */ = {isa = PBXBuildFile; fileRef = 2D67421D2A5451E900FFF576 /* Character.swift */; };
		2D6742232A545A8E00FFF576 /* CharacterRepository.swift in Sources */ = {isa = PBXBuildFile; fileRef = 2D6742222A545A8E00FFF576 /* CharacterRepository.swift */; };
		2D6742252A54629D00FFF576 /* CharacterWebAPIConstants.swift in Sources */ = {isa = PBXBuildFile; fileRef = 2D6742242A54629D00FFF576 /* CharacterWebAPIConstants.swift */; };
		2D6742272A54657400FFF576 /* CharacterLocation.swift in Sources */ = {isa = PBXBuildFile; fileRef = 2D6742262A54657400FFF576 /* CharacterLocation.swift */; };
/* End PBXBuildFile section */

/* Begin PBXContainerItemProxy section */
		2D6741F52A5358B500FFF576 /* PBXContainerItemProxy */ = {
			isa = PBXContainerItemProxy;
			containerPortal = 2D6741D62A5358B300FFF576 /* Project object */;
			proxyType = 1;
			remoteGlobalIDString = 2D6741DD2A5358B300FFF576;
			remoteInfo = "Paradigma Challenge";
		};
		2D6741FF2A5358B500FFF576 /* PBXContainerItemProxy */ = {
			isa = PBXContainerItemProxy;
			containerPortal = 2D6741D62A5358B300FFF576 /* Project object */;
			proxyType = 1;
			remoteGlobalIDString = 2D6741DD2A5358B300FFF576;
			remoteInfo = "Paradigma Challenge";
		};
/* End PBXContainerItemProxy section */

/* Begin PBXFileReference section */
		2D6741DE2A5358B300FFF576 /* Paradigma Challenge.app */ = {isa = PBXFileReference; explicitFileType = wrapper.application; includeInIndex = 0; path = "Paradigma Challenge.app"; sourceTree = BUILT_PRODUCTS_DIR; };
		2D6741E12A5358B300FFF576 /* AppDelegate.swift */ = {isa = PBXFileReference; lastKnownFileType = sourcecode.swift; path = AppDelegate.swift; sourceTree = "<group>"; };
		2D6741E32A5358B300FFF576 /* SceneDelegate.swift */ = {isa = PBXFileReference; lastKnownFileType = sourcecode.swift; path = SceneDelegate.swift; sourceTree = "<group>"; };
		2D6741E52A5358B300FFF576 /* ViewController.swift */ = {isa = PBXFileReference; lastKnownFileType = sourcecode.swift; path = ViewController.swift; sourceTree = "<group>"; };
		2D6741E82A5358B300FFF576 /* Base */ = {isa = PBXFileReference; lastKnownFileType = file.storyboard; name = Base; path = Base.lproj/Main.storyboard; sourceTree = "<group>"; };
		2D6741EA2A5358B400FFF576 /* Assets.xcassets */ = {isa = PBXFileReference; lastKnownFileType = folder.assetcatalog; path = Assets.xcassets; sourceTree = "<group>"; };
		2D6741ED2A5358B400FFF576 /* Base */ = {isa = PBXFileReference; lastKnownFileType = file.storyboard; name = Base; path = Base.lproj/LaunchScreen.storyboard; sourceTree = "<group>"; };
		2D6741EF2A5358B400FFF576 /* Info.plist */ = {isa = PBXFileReference; lastKnownFileType = text.plist.xml; path = Info.plist; sourceTree = "<group>"; };
		2D6741F42A5358B500FFF576 /* Paradigma ChallengeTests.xctest */ = {isa = PBXFileReference; explicitFileType = wrapper.cfbundle; includeInIndex = 0; path = "Paradigma ChallengeTests.xctest"; sourceTree = BUILT_PRODUCTS_DIR; };
		2D6741F82A5358B500FFF576 /* Paradigma_ChallengeTests.swift */ = {isa = PBXFileReference; lastKnownFileType = sourcecode.swift; path = Paradigma_ChallengeTests.swift; sourceTree = "<group>"; };
		2D6741FE2A5358B500FFF576 /* Paradigma ChallengeUITests.xctest */ = {isa = PBXFileReference; explicitFileType = wrapper.cfbundle; includeInIndex = 0; path = "Paradigma ChallengeUITests.xctest"; sourceTree = BUILT_PRODUCTS_DIR; };
		2D6742022A5358B500FFF576 /* Paradigma_ChallengeUITests.swift */ = {isa = PBXFileReference; lastKnownFileType = sourcecode.swift; path = Paradigma_ChallengeUITests.swift; sourceTree = "<group>"; };
		2D6742042A5358B500FFF576 /* Paradigma_ChallengeUITestsLaunchTests.swift */ = {isa = PBXFileReference; lastKnownFileType = sourcecode.swift; path = Paradigma_ChallengeUITestsLaunchTests.swift; sourceTree = "<group>"; };
		2D6742132A535A4200FFF576 /* CharacterListWebAPIResponse.swift */ = {isa = PBXFileReference; lastKnownFileType = sourcecode.swift; path = CharacterListWebAPIResponse.swift; sourceTree = "<group>"; };
		2D6742152A5360C100FFF576 /* CharacterWebAPIRepository.swift */ = {isa = PBXFileReference; lastKnownFileType = sourcecode.swift; path = CharacterWebAPIRepository.swift; sourceTree = "<group>"; };
		2D6742182A53636F00FFF576 /* CharacterWebAPIResult.swift */ = {isa = PBXFileReference; lastKnownFileType = sourcecode.swift; path = CharacterWebAPIResult.swift; sourceTree = "<group>"; };
		2D67421A2A54500B00FFF576 /* CharacterWebAPILocation.swift */ = {isa = PBXFileReference; lastKnownFileType = sourcecode.swift; path = CharacterWebAPILocation.swift; sourceTree = "<group>"; };
		2D67421D2A5451E900FFF576 /* Character.swift */ = {isa = PBXFileReference; lastKnownFileType = sourcecode.swift; path = Character.swift; sourceTree = "<group>"; };
		2D6742222A545A8E00FFF576 /* CharacterRepository.swift */ = {isa = PBXFileReference; lastKnownFileType = sourcecode.swift; path = CharacterRepository.swift; sourceTree = "<group>"; };
		2D6742242A54629D00FFF576 /* CharacterWebAPIConstants.swift */ = {isa = PBXFileReference; lastKnownFileType = sourcecode.swift; path = CharacterWebAPIConstants.swift; sourceTree = "<group>"; };
		2D6742262A54657400FFF576 /* CharacterLocation.swift */ = {isa = PBXFileReference; lastKnownFileType = sourcecode.swift; path = CharacterLocation.swift; sourceTree = "<group>"; };
/* End PBXFileReference section */

/* Begin PBXFrameworksBuildPhase section */
		2D6741DB2A5358B300FFF576 /* Frameworks */ = {
			isa = PBXFrameworksBuildPhase;
			buildActionMask = 2147483647;
			files = (
			);
			runOnlyForDeploymentPostprocessing = 0;
		};
		2D6741F12A5358B500FFF576 /* Frameworks */ = {
			isa = PBXFrameworksBuildPhase;
			buildActionMask = 2147483647;
			files = (
			);
			runOnlyForDeploymentPostprocessing = 0;
		};
		2D6741FB2A5358B500FFF576 /* Frameworks */ = {
			isa = PBXFrameworksBuildPhase;
			buildActionMask = 2147483647;
			files = (
			);
			runOnlyForDeploymentPostprocessing = 0;
		};
/* End PBXFrameworksBuildPhase section */

/* Begin PBXGroup section */
		2D6741D52A5358B300FFF576 = {
			isa = PBXGroup;
			children = (
				2D6741E02A5358B300FFF576 /* Paradigma Challenge */,
				2D6741F72A5358B500FFF576 /* Paradigma ChallengeTests */,
				2D6742012A5358B500FFF576 /* Paradigma ChallengeUITests */,
				2D6741DF2A5358B300FFF576 /* Products */,
			);
			sourceTree = "<group>";
		};
		2D6741DF2A5358B300FFF576 /* Products */ = {
			isa = PBXGroup;
			children = (
				2D6741DE2A5358B300FFF576 /* Paradigma Challenge.app */,
				2D6741F42A5358B500FFF576 /* Paradigma ChallengeTests.xctest */,
				2D6741FE2A5358B500FFF576 /* Paradigma ChallengeUITests.xctest */,
			);
			name = Products;
			sourceTree = "<group>";
		};
		2D6741E02A5358B300FFF576 /* Paradigma Challenge */ = {
			isa = PBXGroup;
			children = (
				2D6741E12A5358B300FFF576 /* AppDelegate.swift */,
				2D6741E32A5358B300FFF576 /* SceneDelegate.swift */,
				2D6741E52A5358B300FFF576 /* ViewController.swift */,
				2D6741E72A5358B300FFF576 /* Main.storyboard */,
				2D6741EA2A5358B400FFF576 /* Assets.xcassets */,
				2D6741EC2A5358B400FFF576 /* LaunchScreen.storyboard */,
				2D6741EF2A5358B400FFF576 /* Info.plist */,
				2D6742112A53593200FFF576 /* Character List */,
			);
			path = "Paradigma Challenge";
			sourceTree = "<group>";
		};
		2D6741F72A5358B500FFF576 /* Paradigma ChallengeTests */ = {
			isa = PBXGroup;
			children = (
				2D6741F82A5358B500FFF576 /* Paradigma_ChallengeTests.swift */,
			);
			path = "Paradigma ChallengeTests";
			sourceTree = "<group>";
		};
		2D6742012A5358B500FFF576 /* Paradigma ChallengeUITests */ = {
			isa = PBXGroup;
			children = (
				2D6742022A5358B500FFF576 /* Paradigma_ChallengeUITests.swift */,
				2D6742042A5358B500FFF576 /* Paradigma_ChallengeUITestsLaunchTests.swift */,
			);
			path = "Paradigma ChallengeUITests";
			sourceTree = "<group>";
		};
		2D6742112A53593200FFF576 /* Character List */ = {
			isa = PBXGroup;
			children = (
				2D67421C2A5451DA00FFF576 /* Domain */,
				2D6742122A53598F00FFF576 /* Data */,
			);
			path = "Character List";
			sourceTree = "<group>";
		};
		2D6742122A53598F00FFF576 /* Data */ = {
			isa = PBXGroup;
			children = (
				2D6742172A5360F800FFF576 /* Web API */,
			);
			path = Data;
			sourceTree = "<group>";
		};
		2D6742172A5360F800FFF576 /* Web API */ = {
			isa = PBXGroup;
			children = (
				2D6742242A54629D00FFF576 /* CharacterWebAPIConstants.swift */,
				2D6742152A5360C100FFF576 /* CharacterWebAPIRepository.swift */,
				2D6742202A54597000FFF576 /* Entities */,
			);
			path = "Web API";
			sourceTree = "<group>";
		};
		2D67421C2A5451DA00FFF576 /* Domain */ = {
			isa = PBXGroup;
			children = (
				2D6742212A545A6800FFF576 /* Repository */,
				2D67421F2A5451EE00FFF576 /* Model */,
			);
			path = Domain;
			sourceTree = "<group>";
		};
		2D67421F2A5451EE00FFF576 /* Model */ = {
			isa = PBXGroup;
			children = (
				2D67421D2A5451E900FFF576 /* Character.swift */,
				2D6742262A54657400FFF576 /* CharacterLocation.swift */,
			);
			path = Model;
			sourceTree = "<group>";
		};
		2D6742202A54597000FFF576 /* Entities */ = {
			isa = PBXGroup;
			children = (
				2D6742132A535A4200FFF576 /* CharacterListWebAPIResponse.swift */,
				2D6742182A53636F00FFF576 /* CharacterWebAPIResult.swift */,
				2D67421A2A54500B00FFF576 /* CharacterWebAPILocation.swift */,
			);
			path = Entities;
			sourceTree = "<group>";
		};
		2D6742212A545A6800FFF576 /* Repository */ = {
			isa = PBXGroup;
			children = (
				2D6742222A545A8E00FFF576 /* CharacterRepository.swift */,
			);
			path = Repository;
			sourceTree = "<group>";
		};
/* End PBXGroup section */

/* Begin PBXNativeTarget section */
		2D6741DD2A5358B300FFF576 /* Paradigma Challenge */ = {
			isa = PBXNativeTarget;
			buildConfigurationList = 2D6742082A5358B500FFF576 /* Build configuration list for PBXNativeTarget "Paradigma Challenge" */;
			buildPhases = (
				2D6741DA2A5358B300FFF576 /* Sources */,
				2D6741DB2A5358B300FFF576 /* Frameworks */,
				2D6741DC2A5358B300FFF576 /* Resources */,
			);
			buildRules = (
			);
			dependencies = (
			);
			name = "Paradigma Challenge";
			productName = "Paradigma Challenge";
			productReference = 2D6741DE2A5358B300FFF576 /* Paradigma Challenge.app */;
			productType = "com.apple.product-type.application";
		};
		2D6741F32A5358B500FFF576 /* Paradigma ChallengeTests */ = {
			isa = PBXNativeTarget;
			buildConfigurationList = 2D67420B2A5358B500FFF576 /* Build configuration list for PBXNativeTarget "Paradigma ChallengeTests" */;
			buildPhases = (
				2D6741F02A5358B500FFF576 /* Sources */,
				2D6741F12A5358B500FFF576 /* Frameworks */,
				2D6741F22A5358B500FFF576 /* Resources */,
			);
			buildRules = (
			);
			dependencies = (
				2D6741F62A5358B500FFF576 /* PBXTargetDependency */,
			);
			name = "Paradigma ChallengeTests";
			productName = "Paradigma ChallengeTests";
			productReference = 2D6741F42A5358B500FFF576 /* Paradigma ChallengeTests.xctest */;
			productType = "com.apple.product-type.bundle.unit-test";
		};
		2D6741FD2A5358B500FFF576 /* Paradigma ChallengeUITests */ = {
			isa = PBXNativeTarget;
			buildConfigurationList = 2D67420E2A5358B500FFF576 /* Build configuration list for PBXNativeTarget "Paradigma ChallengeUITests" */;
			buildPhases = (
				2D6741FA2A5358B500FFF576 /* Sources */,
				2D6741FB2A5358B500FFF576 /* Frameworks */,
				2D6741FC2A5358B500FFF576 /* Resources */,
			);
			buildRules = (
			);
			dependencies = (
				2D6742002A5358B500FFF576 /* PBXTargetDependency */,
			);
			name = "Paradigma ChallengeUITests";
			productName = "Paradigma ChallengeUITests";
			productReference = 2D6741FE2A5358B500FFF576 /* Paradigma ChallengeUITests.xctest */;
			productType = "com.apple.product-type.bundle.ui-testing";
		};
/* End PBXNativeTarget section */

/* Begin PBXProject section */
		2D6741D62A5358B300FFF576 /* Project object */ = {
			isa = PBXProject;
			attributes = {
				BuildIndependentTargetsInParallel = 1;
				LastSwiftUpdateCheck = 1430;
				LastUpgradeCheck = 1430;
				TargetAttributes = {
					2D6741DD2A5358B300FFF576 = {
						CreatedOnToolsVersion = 14.3.1;
					};
					2D6741F32A5358B500FFF576 = {
						CreatedOnToolsVersion = 14.3.1;
						TestTargetID = 2D6741DD2A5358B300FFF576;
					};
					2D6741FD2A5358B500FFF576 = {
						CreatedOnToolsVersion = 14.3.1;
						TestTargetID = 2D6741DD2A5358B300FFF576;
					};
				};
			};
			buildConfigurationList = 2D6741D92A5358B300FFF576 /* Build configuration list for PBXProject "Paradigma Challenge" */;
			compatibilityVersion = "Xcode 14.0";
			developmentRegion = en;
			hasScannedForEncodings = 0;
			knownRegions = (
				en,
				Base,
			);
			mainGroup = 2D6741D52A5358B300FFF576;
			productRefGroup = 2D6741DF2A5358B300FFF576 /* Products */;
			projectDirPath = "";
			projectRoot = "";
			targets = (
				2D6741DD2A5358B300FFF576 /* Paradigma Challenge */,
				2D6741F32A5358B500FFF576 /* Paradigma ChallengeTests */,
				2D6741FD2A5358B500FFF576 /* Paradigma ChallengeUITests */,
			);
		};
/* End PBXProject section */

/* Begin PBXResourcesBuildPhase section */
		2D6741DC2A5358B300FFF576 /* Resources */ = {
			isa = PBXResourcesBuildPhase;
			buildActionMask = 2147483647;
			files = (
				2D6741EE2A5358B400FFF576 /* LaunchScreen.storyboard in Resources */,
				2D6741EB2A5358B400FFF576 /* Assets.xcassets in Resources */,
				2D6741E92A5358B300FFF576 /* Main.storyboard in Resources */,
			);
			runOnlyForDeploymentPostprocessing = 0;
		};
		2D6741F22A5358B500FFF576 /* Resources */ = {
			isa = PBXResourcesBuildPhase;
			buildActionMask = 2147483647;
			files = (
			);
			runOnlyForDeploymentPostprocessing = 0;
		};
		2D6741FC2A5358B500FFF576 /* Resources */ = {
			isa = PBXResourcesBuildPhase;
			buildActionMask = 2147483647;
			files = (
			);
			runOnlyForDeploymentPostprocessing = 0;
		};
/* End PBXResourcesBuildPhase section */

/* Begin PBXSourcesBuildPhase section */
		2D6741DA2A5358B300FFF576 /* Sources */ = {
			isa = PBXSourcesBuildPhase;
			buildActionMask = 2147483647;
			files = (
				2D6742192A53636F00FFF576 /* CharacterWebAPIResult.swift in Sources */,
				2D6742272A54657400FFF576 /* CharacterLocation.swift in Sources */,
				2D6741E62A5358B300FFF576 /* ViewController.swift in Sources */,
				2D6742232A545A8E00FFF576 /* CharacterRepository.swift in Sources */,
				2D6741E22A5358B300FFF576 /* AppDelegate.swift in Sources */,
				2D6742142A535A4200FFF576 /* CharacterListWebAPIResponse.swift in Sources */,
				2D6742252A54629D00FFF576 /* CharacterWebAPIConstants.swift in Sources */,
				2D6741E42A5358B300FFF576 /* SceneDelegate.swift in Sources */,
				2D67421B2A54500B00FFF576 /* CharacterWebAPILocation.swift in Sources */,
				2D6742162A5360C100FFF576 /* CharacterWebAPIRepository.swift in Sources */,
				2D67421E2A5451E900FFF576 /* Character.swift in Sources */,
			);
			runOnlyForDeploymentPostprocessing = 0;
		};
		2D6741F02A5358B500FFF576 /* Sources */ = {
			isa = PBXSourcesBuildPhase;
			buildActionMask = 2147483647;
			files = (
				2D6741F92A5358B500FFF576 /* Paradigma_ChallengeTests.swift in Sources */,
			);
			runOnlyForDeploymentPostprocessing = 0;
		};
		2D6741FA2A5358B500FFF576 /* Sources */ = {
			isa = PBXSourcesBuildPhase;
			buildActionMask = 2147483647;
			files = (
				2D6742032A5358B500FFF576 /* Paradigma_ChallengeUITests.swift in Sources */,
				2D6742052A5358B500FFF576 /* Paradigma_ChallengeUITestsLaunchTests.swift in Sources */,
			);
			runOnlyForDeploymentPostprocessing = 0;
		};
/* End PBXSourcesBuildPhase section */

/* Begin PBXTargetDependency section */
		2D6741F62A5358B500FFF576 /* PBXTargetDependency */ = {
			isa = PBXTargetDependency;
			target = 2D6741DD2A5358B300FFF576 /* Paradigma Challenge */;
			targetProxy = 2D6741F52A5358B500FFF576 /* PBXContainerItemProxy */;
		};
		2D6742002A5358B500FFF576 /* PBXTargetDependency */ = {
			isa = PBXTargetDependency;
			target = 2D6741DD2A5358B300FFF576 /* Paradigma Challenge */;
			targetProxy = 2D6741FF2A5358B500FFF576 /* PBXContainerItemProxy */;
		};
/* End PBXTargetDependency section */

/* Begin PBXVariantGroup section */
		2D6741E72A5358B300FFF576 /* Main.storyboard */ = {
			isa = PBXVariantGroup;
			children = (
				2D6741E82A5358B300FFF576 /* Base */,
			);
			name = Main.storyboard;
			sourceTree = "<group>";
		};
		2D6741EC2A5358B400FFF576 /* LaunchScreen.storyboard */ = {
			isa = PBXVariantGroup;
			children = (
				2D6741ED2A5358B400FFF576 /* Base */,
			);
			name = LaunchScreen.storyboard;
			sourceTree = "<group>";
		};
/* End PBXVariantGroup section */

/* Begin XCBuildConfiguration section */
		2D6742062A5358B500FFF576 /* Debug */ = {
			isa = XCBuildConfiguration;
			buildSettings = {
				ALWAYS_SEARCH_USER_PATHS = NO;
				CLANG_ANALYZER_NONNULL = YES;
				CLANG_ANALYZER_NUMBER_OBJECT_CONVERSION = YES_AGGRESSIVE;
				CLANG_CXX_LANGUAGE_STANDARD = "gnu++20";
				CLANG_ENABLE_MODULES = YES;
				CLANG_ENABLE_OBJC_ARC = YES;
				CLANG_ENABLE_OBJC_WEAK = YES;
				CLANG_WARN_BLOCK_CAPTURE_AUTORELEASING = YES;
				CLANG_WARN_BOOL_CONVERSION = YES;
				CLANG_WARN_COMMA = YES;
				CLANG_WARN_CONSTANT_CONVERSION = YES;
				CLANG_WARN_DEPRECATED_OBJC_IMPLEMENTATIONS = YES;
				CLANG_WARN_DIRECT_OBJC_ISA_USAGE = YES_ERROR;
				CLANG_WARN_DOCUMENTATION_COMMENTS = YES;
				CLANG_WARN_EMPTY_BODY = YES;
				CLANG_WARN_ENUM_CONVERSION = YES;
				CLANG_WARN_INFINITE_RECURSION = YES;
				CLANG_WARN_INT_CONVERSION = YES;
				CLANG_WARN_NON_LITERAL_NULL_CONVERSION = YES;
				CLANG_WARN_OBJC_IMPLICIT_RETAIN_SELF = YES;
				CLANG_WARN_OBJC_LITERAL_CONVERSION = YES;
				CLANG_WARN_OBJC_ROOT_CLASS = YES_ERROR;
				CLANG_WARN_QUOTED_INCLUDE_IN_FRAMEWORK_HEADER = YES;
				CLANG_WARN_RANGE_LOOP_ANALYSIS = YES;
				CLANG_WARN_STRICT_PROTOTYPES = YES;
				CLANG_WARN_SUSPICIOUS_MOVE = YES;
				CLANG_WARN_UNGUARDED_AVAILABILITY = YES_AGGRESSIVE;
				CLANG_WARN_UNREACHABLE_CODE = YES;
				CLANG_WARN__DUPLICATE_METHOD_MATCH = YES;
				COPY_PHASE_STRIP = NO;
				DEBUG_INFORMATION_FORMAT = dwarf;
				ENABLE_STRICT_OBJC_MSGSEND = YES;
				ENABLE_TESTABILITY = YES;
				GCC_C_LANGUAGE_STANDARD = gnu11;
				GCC_DYNAMIC_NO_PIC = NO;
				GCC_NO_COMMON_BLOCKS = YES;
				GCC_OPTIMIZATION_LEVEL = 0;
				GCC_PREPROCESSOR_DEFINITIONS = (
					"DEBUG=1",
					"$(inherited)",
				);
				GCC_WARN_64_TO_32_BIT_CONVERSION = YES;
				GCC_WARN_ABOUT_RETURN_TYPE = YES_ERROR;
				GCC_WARN_UNDECLARED_SELECTOR = YES;
				GCC_WARN_UNINITIALIZED_AUTOS = YES_AGGRESSIVE;
				GCC_WARN_UNUSED_FUNCTION = YES;
				GCC_WARN_UNUSED_VARIABLE = YES;
				IPHONEOS_DEPLOYMENT_TARGET = 16.4;
				MTL_ENABLE_DEBUG_INFO = INCLUDE_SOURCE;
				MTL_FAST_MATH = YES;
				ONLY_ACTIVE_ARCH = YES;
				SDKROOT = iphoneos;
				SWIFT_ACTIVE_COMPILATION_CONDITIONS = DEBUG;
				SWIFT_OPTIMIZATION_LEVEL = "-Onone";
			};
			name = Debug;
		};
		2D6742072A5358B500FFF576 /* Release */ = {
			isa = XCBuildConfiguration;
			buildSettings = {
				ALWAYS_SEARCH_USER_PATHS = NO;
				CLANG_ANALYZER_NONNULL = YES;
				CLANG_ANALYZER_NUMBER_OBJECT_CONVERSION = YES_AGGRESSIVE;
				CLANG_CXX_LANGUAGE_STANDARD = "gnu++20";
				CLANG_ENABLE_MODULES = YES;
				CLANG_ENABLE_OBJC_ARC = YES;
				CLANG_ENABLE_OBJC_WEAK = YES;
				CLANG_WARN_BLOCK_CAPTURE_AUTORELEASING = YES;
				CLANG_WARN_BOOL_CONVERSION = YES;
				CLANG_WARN_COMMA = YES;
				CLANG_WARN_CONSTANT_CONVERSION = YES;
				CLANG_WARN_DEPRECATED_OBJC_IMPLEMENTATIONS = YES;
				CLANG_WARN_DIRECT_OBJC_ISA_USAGE = YES_ERROR;
				CLANG_WARN_DOCUMENTATION_COMMENTS = YES;
				CLANG_WARN_EMPTY_BODY = YES;
				CLANG_WARN_ENUM_CONVERSION = YES;
				CLANG_WARN_INFINITE_RECURSION = YES;
				CLANG_WARN_INT_CONVERSION = YES;
				CLANG_WARN_NON_LITERAL_NULL_CONVERSION = YES;
				CLANG_WARN_OBJC_IMPLICIT_RETAIN_SELF = YES;
				CLANG_WARN_OBJC_LITERAL_CONVERSION = YES;
				CLANG_WARN_OBJC_ROOT_CLASS = YES_ERROR;
				CLANG_WARN_QUOTED_INCLUDE_IN_FRAMEWORK_HEADER = YES;
				CLANG_WARN_RANGE_LOOP_ANALYSIS = YES;
				CLANG_WARN_STRICT_PROTOTYPES = YES;
				CLANG_WARN_SUSPICIOUS_MOVE = YES;
				CLANG_WARN_UNGUARDED_AVAILABILITY = YES_AGGRESSIVE;
				CLANG_WARN_UNREACHABLE_CODE = YES;
				CLANG_WARN__DUPLICATE_METHOD_MATCH = YES;
				COPY_PHASE_STRIP = NO;
				DEBUG_INFORMATION_FORMAT = "dwarf-with-dsym";
				ENABLE_NS_ASSERTIONS = NO;
				ENABLE_STRICT_OBJC_MSGSEND = YES;
				GCC_C_LANGUAGE_STANDARD = gnu11;
				GCC_NO_COMMON_BLOCKS = YES;
				GCC_WARN_64_TO_32_BIT_CONVERSION = YES;
				GCC_WARN_ABOUT_RETURN_TYPE = YES_ERROR;
				GCC_WARN_UNDECLARED_SELECTOR = YES;
				GCC_WARN_UNINITIALIZED_AUTOS = YES_AGGRESSIVE;
				GCC_WARN_UNUSED_FUNCTION = YES;
				GCC_WARN_UNUSED_VARIABLE = YES;
				IPHONEOS_DEPLOYMENT_TARGET = 16.4;
				MTL_ENABLE_DEBUG_INFO = NO;
				MTL_FAST_MATH = YES;
				SDKROOT = iphoneos;
				SWIFT_COMPILATION_MODE = wholemodule;
				SWIFT_OPTIMIZATION_LEVEL = "-O";
				VALIDATE_PRODUCT = YES;
			};
			name = Release;
		};
		2D6742092A5358B500FFF576 /* Debug */ = {
			isa = XCBuildConfiguration;
			buildSettings = {
				ASSETCATALOG_COMPILER_APPICON_NAME = AppIcon;
				ASSETCATALOG_COMPILER_GLOBAL_ACCENT_COLOR_NAME = AccentColor;
				CODE_SIGN_STYLE = Automatic;
				CURRENT_PROJECT_VERSION = 1;
				DEVELOPMENT_TEAM = A7VQ3X87JS;
				GENERATE_INFOPLIST_FILE = YES;
				INFOPLIST_FILE = "Paradigma Challenge/Info.plist";
				INFOPLIST_KEY_UIApplicationSupportsIndirectInputEvents = YES;
				INFOPLIST_KEY_UILaunchStoryboardName = LaunchScreen;
				INFOPLIST_KEY_UIMainStoryboardFile = Main;
				INFOPLIST_KEY_UISupportedInterfaceOrientations_iPad = "UIInterfaceOrientationPortrait UIInterfaceOrientationPortraitUpsideDown UIInterfaceOrientationLandscapeLeft UIInterfaceOrientationLandscapeRight";
				INFOPLIST_KEY_UISupportedInterfaceOrientations_iPhone = "UIInterfaceOrientationPortrait UIInterfaceOrientationLandscapeLeft UIInterfaceOrientationLandscapeRight";
				LD_RUNPATH_SEARCH_PATHS = (
					"$(inherited)",
					"@executable_path/Frameworks",
				);
				MARKETING_VERSION = 1.0;
				PRODUCT_BUNDLE_IDENTIFIER = "ivan-grasso.Paradigma-Challenge";
				PRODUCT_NAME = "$(TARGET_NAME)";
				SWIFT_EMIT_LOC_STRINGS = YES;
				SWIFT_VERSION = 5.0;
				TARGETED_DEVICE_FAMILY = "1,2";
			};
			name = Debug;
		};
		2D67420A2A5358B500FFF576 /* Release */ = {
			isa = XCBuildConfiguration;
			buildSettings = {
				ASSETCATALOG_COMPILER_APPICON_NAME = AppIcon;
				ASSETCATALOG_COMPILER_GLOBAL_ACCENT_COLOR_NAME = AccentColor;
				CODE_SIGN_STYLE = Automatic;
				CURRENT_PROJECT_VERSION = 1;
				DEVELOPMENT_TEAM = A7VQ3X87JS;
				GENERATE_INFOPLIST_FILE = YES;
				INFOPLIST_FILE = "Paradigma Challenge/Info.plist";
				INFOPLIST_KEY_UIApplicationSupportsIndirectInputEvents = YES;
				INFOPLIST_KEY_UILaunchStoryboardName = LaunchScreen;
				INFOPLIST_KEY_UIMainStoryboardFile = Main;
				INFOPLIST_KEY_UISupportedInterfaceOrientations_iPad = "UIInterfaceOrientationPortrait UIInterfaceOrientationPortraitUpsideDown UIInterfaceOrientationLandscapeLeft UIInterfaceOrientationLandscapeRight";
				INFOPLIST_KEY_UISupportedInterfaceOrientations_iPhone = "UIInterfaceOrientationPortrait UIInterfaceOrientationLandscapeLeft UIInterfaceOrientationLandscapeRight";
				LD_RUNPATH_SEARCH_PATHS = (
					"$(inherited)",
					"@executable_path/Frameworks",
				);
				MARKETING_VERSION = 1.0;
				PRODUCT_BUNDLE_IDENTIFIER = "ivan-grasso.Paradigma-Challenge";
				PRODUCT_NAME = "$(TARGET_NAME)";
				SWIFT_EMIT_LOC_STRINGS = YES;
				SWIFT_VERSION = 5.0;
				TARGETED_DEVICE_FAMILY = "1,2";
			};
			name = Release;
		};
		2D67420C2A5358B500FFF576 /* Debug */ = {
			isa = XCBuildConfiguration;
			buildSettings = {
				ALWAYS_EMBED_SWIFT_STANDARD_LIBRARIES = YES;
				BUNDLE_LOADER = "$(TEST_HOST)";
				CODE_SIGN_STYLE = Automatic;
				CURRENT_PROJECT_VERSION = 1;
				DEVELOPMENT_TEAM = A7VQ3X87JS;
				GENERATE_INFOPLIST_FILE = YES;
				IPHONEOS_DEPLOYMENT_TARGET = 16.4;
				MARKETING_VERSION = 1.0;
				PRODUCT_BUNDLE_IDENTIFIER = "ivan-grasso.Paradigma-ChallengeTests";
				PRODUCT_NAME = "$(TARGET_NAME)";
				SWIFT_EMIT_LOC_STRINGS = NO;
				SWIFT_VERSION = 5.0;
				TARGETED_DEVICE_FAMILY = "1,2";
				TEST_HOST = "$(BUILT_PRODUCTS_DIR)/Paradigma Challenge.app/$(BUNDLE_EXECUTABLE_FOLDER_PATH)/Paradigma Challenge";
			};
			name = Debug;
		};
		2D67420D2A5358B500FFF576 /* Release */ = {
			isa = XCBuildConfiguration;
			buildSettings = {
				ALWAYS_EMBED_SWIFT_STANDARD_LIBRARIES = YES;
				BUNDLE_LOADER = "$(TEST_HOST)";
				CODE_SIGN_STYLE = Automatic;
				CURRENT_PROJECT_VERSION = 1;
				DEVELOPMENT_TEAM = A7VQ3X87JS;
				GENERATE_INFOPLIST_FILE = YES;
				IPHONEOS_DEPLOYMENT_TARGET = 16.4;
				MARKETING_VERSION = 1.0;
				PRODUCT_BUNDLE_IDENTIFIER = "ivan-grasso.Paradigma-ChallengeTests";
				PRODUCT_NAME = "$(TARGET_NAME)";
				SWIFT_EMIT_LOC_STRINGS = NO;
				SWIFT_VERSION = 5.0;
				TARGETED_DEVICE_FAMILY = "1,2";
				TEST_HOST = "$(BUILT_PRODUCTS_DIR)/Paradigma Challenge.app/$(BUNDLE_EXECUTABLE_FOLDER_PATH)/Paradigma Challenge";
			};
			name = Release;
		};
		2D67420F2A5358B500FFF576 /* Debug */ = {
			isa = XCBuildConfiguration;
			buildSettings = {
				ALWAYS_EMBED_SWIFT_STANDARD_LIBRARIES = YES;
				CODE_SIGN_STYLE = Automatic;
				CURRENT_PROJECT_VERSION = 1;
				DEVELOPMENT_TEAM = A7VQ3X87JS;
				GENERATE_INFOPLIST_FILE = YES;
				MARKETING_VERSION = 1.0;
				PRODUCT_BUNDLE_IDENTIFIER = "ivan-grasso.Paradigma-ChallengeUITests";
				PRODUCT_NAME = "$(TARGET_NAME)";
				SWIFT_EMIT_LOC_STRINGS = NO;
				SWIFT_VERSION = 5.0;
				TARGETED_DEVICE_FAMILY = "1,2";
				TEST_TARGET_NAME = "Paradigma Challenge";
			};
			name = Debug;
		};
		2D6742102A5358B500FFF576 /* Release */ = {
			isa = XCBuildConfiguration;
			buildSettings = {
				ALWAYS_EMBED_SWIFT_STANDARD_LIBRARIES = YES;
				CODE_SIGN_STYLE = Automatic;
				CURRENT_PROJECT_VERSION = 1;
				DEVELOPMENT_TEAM = A7VQ3X87JS;
				GENERATE_INFOPLIST_FILE = YES;
				MARKETING_VERSION = 1.0;
				PRODUCT_BUNDLE_IDENTIFIER = "ivan-grasso.Paradigma-ChallengeUITests";
				PRODUCT_NAME = "$(TARGET_NAME)";
				SWIFT_EMIT_LOC_STRINGS = NO;
				SWIFT_VERSION = 5.0;
				TARGETED_DEVICE_FAMILY = "1,2";
				TEST_TARGET_NAME = "Paradigma Challenge";
			};
			name = Release;
		};
/* End XCBuildConfiguration section */

/* Begin XCConfigurationList section */
		2D6741D92A5358B300FFF576 /* Build configuration list for PBXProject "Paradigma Challenge" */ = {
			isa = XCConfigurationList;
			buildConfigurations = (
				2D6742062A5358B500FFF576 /* Debug */,
				2D6742072A5358B500FFF576 /* Release */,
			);
			defaultConfigurationIsVisible = 0;
			defaultConfigurationName = Release;
		};
		2D6742082A5358B500FFF576 /* Build configuration list for PBXNativeTarget "Paradigma Challenge" */ = {
			isa = XCConfigurationList;
			buildConfigurations = (
				2D6742092A5358B500FFF576 /* Debug */,
				2D67420A2A5358B500FFF576 /* Release */,
			);
			defaultConfigurationIsVisible = 0;
			defaultConfigurationName = Release;
		};
		2D67420B2A5358B500FFF576 /* Build configuration list for PBXNativeTarget "Paradigma ChallengeTests" */ = {
			isa = XCConfigurationList;
			buildConfigurations = (
				2D67420C2A5358B500FFF576 /* Debug */,
				2D67420D2A5358B500FFF576 /* Release */,
			);
			defaultConfigurationIsVisible = 0;
			defaultConfigurationName = Release;
		};
		2D67420E2A5358B500FFF576 /* Build configuration list for PBXNativeTarget "Paradigma ChallengeUITests" */ = {
			isa = XCConfigurationList;
			buildConfigurations = (
				2D67420F2A5358B500FFF576 /* Debug */,
				2D6742102A5358B500FFF576 /* Release */,
			);
			defaultConfigurationIsVisible = 0;
			defaultConfigurationName = Release;
		};
/* End XCConfigurationList section */
	};
	rootObject = 2D6741D62A5358B300FFF576 /* Project object */;
}
